// !$*UTF8*$!
{
	archiveVersion = 1;
	classes = {
	};
	objectVersion = 56;
	objects = {

/* Begin PBXBuildFile section */
		D20032652A29F03B00DA6CFC /* ProfileService.swift in Sources */ = {isa = PBXBuildFile; fileRef = D20032642A29F03B00DA6CFC /* ProfileService.swift */; };
		D20032672A29F74200DA6CFC /* URLSession.swift in Sources */ = {isa = PBXBuildFile; fileRef = D20032662A29F74200DA6CFC /* URLSession.swift */; };
		D20032692A2A37EF00DA6CFC /* ProfileImageService.swift in Sources */ = {isa = PBXBuildFile; fileRef = D20032682A2A37EF00DA6CFC /* ProfileImageService.swift */; };
		D200326C2A2A53E400DA6CFC /* Kingfisher in Frameworks */ = {isa = PBXBuildFile; productRef = D200326B2A2A53E400DA6CFC /* Kingfisher */; };
		D200326F2A2A5A4F00DA6CFC /* SwiftKeychainWrapper in Frameworks */ = {isa = PBXBuildFile; productRef = D200326E2A2A5A4F00DA6CFC /* SwiftKeychainWrapper */; };
		D20032712A2B122300DA6CFC /* TabBarController.swift in Sources */ = {isa = PBXBuildFile; fileRef = D20032702A2B122300DA6CFC /* TabBarController.swift */; };
		D22E70E12A26558F0098A71C /* ProgressHUD in Frameworks */ = {isa = PBXBuildFile; productRef = D22E70E02A26558F0098A71C /* ProgressHUD */; };
		D22E70E32A289DCA0098A71C /* UIBlockingProgressHUD.swift in Sources */ = {isa = PBXBuildFile; fileRef = D22E70E22A289DCA0098A71C /* UIBlockingProgressHUD.swift */; };
		D241C2CB2A1E3BF00008E518 /* Constants.swift in Sources */ = {isa = PBXBuildFile; fileRef = D241C2CA2A1E3BF00008E518 /* Constants.swift */; };
		D241C2CD2A1E4C0E0008E518 /* AuthViewController.swift in Sources */ = {isa = PBXBuildFile; fileRef = D241C2CC2A1E4C0E0008E518 /* AuthViewController.swift */; };
		D241C2D22A1E61160008E518 /* WebViewViewController.swift in Sources */ = {isa = PBXBuildFile; fileRef = D241C2D12A1E61160008E518 /* WebViewViewController.swift */; };
		D241C2D52A1FCD600008E518 /* OAuth2Services.swift in Sources */ = {isa = PBXBuildFile; fileRef = D241C2D42A1FCD600008E518 /* OAuth2Services.swift */; };
		D241C2D72A1FCD730008E518 /* OAuth2TokenStorage.swift in Sources */ = {isa = PBXBuildFile; fileRef = D241C2D62A1FCD730008E518 /* OAuth2TokenStorage.swift */; };
		D241C2DB2A1FD5040008E518 /* SplashViewController.swift in Sources */ = {isa = PBXBuildFile; fileRef = D241C2DA2A1FD5040008E518 /* SplashViewController.swift */; };
		D266608929D5BB1800C78D36 /* AppDelegate.swift in Sources */ = {isa = PBXBuildFile; fileRef = D266608829D5BB1800C78D36 /* AppDelegate.swift */; };
		D266608B29D5BB1800C78D36 /* SceneDelegate.swift in Sources */ = {isa = PBXBuildFile; fileRef = D266608A29D5BB1800C78D36 /* SceneDelegate.swift */; };
		D266608D29D5BB1800C78D36 /* ImagesListViewController.swift in Sources */ = {isa = PBXBuildFile; fileRef = D266608C29D5BB1800C78D36 /* ImagesListViewController.swift */; };
		D266609029D5BB1800C78D36 /* Main.storyboard in Resources */ = {isa = PBXBuildFile; fileRef = D266608E29D5BB1800C78D36 /* Main.storyboard */; };
		D266609229D5BB1900C78D36 /* Assets.xcassets in Resources */ = {isa = PBXBuildFile; fileRef = D266609129D5BB1900C78D36 /* Assets.xcassets */; };
		D266609529D5BB1900C78D36 /* LaunchScreen.storyboard in Resources */ = {isa = PBXBuildFile; fileRef = D266609329D5BB1900C78D36 /* LaunchScreen.storyboard */; };
		D274127229F672BA003D48F6 /* ImagesListCell.swift in Sources */ = {isa = PBXBuildFile; fileRef = D274127129F672BA003D48F6 /* ImagesListCell.swift */; };
		D2E48A562A13A6AB003A3355 /* ProfileViewController.swift in Sources */ = {isa = PBXBuildFile; fileRef = D2E48A552A13A6AB003A3355 /* ProfileViewController.swift */; };
		D2E48A582A14F82C003A3355 /* SingleImageViewController.swift in Sources */ = {isa = PBXBuildFile; fileRef = D2E48A572A14F82C003A3355 /* SingleImageViewController.swift */; };
/* End PBXBuildFile section */

/* Begin PBXFileReference section */
		D20032642A29F03B00DA6CFC /* ProfileService.swift */ = {isa = PBXFileReference; lastKnownFileType = sourcecode.swift; path = ProfileService.swift; sourceTree = "<group>"; };
		D20032662A29F74200DA6CFC /* URLSession.swift */ = {isa = PBXFileReference; lastKnownFileType = sourcecode.swift; path = URLSession.swift; sourceTree = "<group>"; };
		D20032682A2A37EF00DA6CFC /* ProfileImageService.swift */ = {isa = PBXFileReference; lastKnownFileType = sourcecode.swift; path = ProfileImageService.swift; sourceTree = "<group>"; };
		D20032702A2B122300DA6CFC /* TabBarController.swift */ = {isa = PBXFileReference; lastKnownFileType = sourcecode.swift; path = TabBarController.swift; sourceTree = "<group>"; };
		D22E70E22A289DCA0098A71C /* UIBlockingProgressHUD.swift */ = {isa = PBXFileReference; lastKnownFileType = sourcecode.swift; path = UIBlockingProgressHUD.swift; sourceTree = "<group>"; };
		D241C2CA2A1E3BF00008E518 /* Constants.swift */ = {isa = PBXFileReference; lastKnownFileType = sourcecode.swift; path = Constants.swift; sourceTree = "<group>"; };
		D241C2CC2A1E4C0E0008E518 /* AuthViewController.swift */ = {isa = PBXFileReference; lastKnownFileType = sourcecode.swift; path = AuthViewController.swift; sourceTree = "<group>"; };
		D241C2D12A1E61160008E518 /* WebViewViewController.swift */ = {isa = PBXFileReference; lastKnownFileType = sourcecode.swift; path = WebViewViewController.swift; sourceTree = "<group>"; };
		D241C2D42A1FCD600008E518 /* OAuth2Services.swift */ = {isa = PBXFileReference; lastKnownFileType = sourcecode.swift; path = OAuth2Services.swift; sourceTree = "<group>"; };
		D241C2D62A1FCD730008E518 /* OAuth2TokenStorage.swift */ = {isa = PBXFileReference; lastKnownFileType = sourcecode.swift; path = OAuth2TokenStorage.swift; sourceTree = "<group>"; };
		D241C2DA2A1FD5040008E518 /* SplashViewController.swift */ = {isa = PBXFileReference; lastKnownFileType = sourcecode.swift; path = SplashViewController.swift; sourceTree = "<group>"; };
		D266608529D5BB1800C78D36 /* ImageFeed.app */ = {isa = PBXFileReference; explicitFileType = wrapper.application; includeInIndex = 0; path = ImageFeed.app; sourceTree = BUILT_PRODUCTS_DIR; };
		D266608829D5BB1800C78D36 /* AppDelegate.swift */ = {isa = PBXFileReference; lastKnownFileType = sourcecode.swift; path = AppDelegate.swift; sourceTree = "<group>"; };
		D266608A29D5BB1800C78D36 /* SceneDelegate.swift */ = {isa = PBXFileReference; lastKnownFileType = sourcecode.swift; path = SceneDelegate.swift; sourceTree = "<group>"; };
		D266608C29D5BB1800C78D36 /* ImagesListViewController.swift */ = {isa = PBXFileReference; lastKnownFileType = sourcecode.swift; path = ImagesListViewController.swift; sourceTree = "<group>"; };
		D266608F29D5BB1800C78D36 /* Base */ = {isa = PBXFileReference; lastKnownFileType = file.storyboard; name = Base; path = Base.lproj/Main.storyboard; sourceTree = "<group>"; };
		D266609129D5BB1900C78D36 /* Assets.xcassets */ = {isa = PBXFileReference; lastKnownFileType = folder.assetcatalog; path = Assets.xcassets; sourceTree = "<group>"; };
		D266609429D5BB1900C78D36 /* Base */ = {isa = PBXFileReference; lastKnownFileType = file.storyboard; name = Base; path = Base.lproj/LaunchScreen.storyboard; sourceTree = "<group>"; };
		D266609629D5BB1900C78D36 /* Info.plist */ = {isa = PBXFileReference; lastKnownFileType = text.plist.xml; path = Info.plist; sourceTree = "<group>"; };
		D274127129F672BA003D48F6 /* ImagesListCell.swift */ = {isa = PBXFileReference; lastKnownFileType = sourcecode.swift; path = ImagesListCell.swift; sourceTree = "<group>"; };
		D2E48A552A13A6AB003A3355 /* ProfileViewController.swift */ = {isa = PBXFileReference; lastKnownFileType = sourcecode.swift; path = ProfileViewController.swift; sourceTree = "<group>"; };
		D2E48A572A14F82C003A3355 /* SingleImageViewController.swift */ = {isa = PBXFileReference; lastKnownFileType = sourcecode.swift; path = SingleImageViewController.swift; sourceTree = "<group>"; };
/* End PBXFileReference section */

/* Begin PBXFrameworksBuildPhase section */
		D266608229D5BB1800C78D36 /* Frameworks */ = {
			isa = PBXFrameworksBuildPhase;
			buildActionMask = 2147483647;
			files = (
				D200326C2A2A53E400DA6CFC /* Kingfisher in Frameworks */,
				D22E70E12A26558F0098A71C /* ProgressHUD in Frameworks */,
				D200326F2A2A5A4F00DA6CFC /* SwiftKeychainWrapper in Frameworks */,
			);
			runOnlyForDeploymentPostprocessing = 0;
		};
/* End PBXFrameworksBuildPhase section */

/* Begin PBXGroup section */
		D241C2D02A1E4C3F0008E518 /* Auth */ = {
			isa = PBXGroup;
			children = (
				D241C2CC2A1E4C0E0008E518 /* AuthViewController.swift */,
				D241C2D12A1E61160008E518 /* WebViewViewController.swift */,
			);
			path = Auth;
			sourceTree = "<group>";
		};
		D241C2D32A1FCD2B0008E518 /* OAuth2 */ = {
			isa = PBXGroup;
			children = (
				D241C2D42A1FCD600008E518 /* OAuth2Services.swift */,
				D241C2D62A1FCD730008E518 /* OAuth2TokenStorage.swift */,
			);
			path = OAuth2;
			sourceTree = "<group>";
		};
		D241C2DC2A1FD5090008E518 /* SplashView */ = {
			isa = PBXGroup;
			children = (
				D241C2DA2A1FD5040008E518 /* SplashViewController.swift */,
			);
			path = SplashView;
			sourceTree = "<group>";
		};
		D266607C29D5BB1800C78D36 = {
			isa = PBXGroup;
			children = (
				D266608729D5BB1800C78D36 /* ImageFeed */,
				D266608629D5BB1800C78D36 /* Products */,
			);
			sourceTree = "<group>";
		};
		D266608629D5BB1800C78D36 /* Products */ = {
			isa = PBXGroup;
			children = (
				D266608529D5BB1800C78D36 /* ImageFeed.app */,
			);
			name = Products;
			sourceTree = "<group>";
		};
		D266608729D5BB1800C78D36 /* ImageFeed */ = {
			isa = PBXGroup;
			children = (
				D266608829D5BB1800C78D36 /* AppDelegate.swift */,
				D266608A29D5BB1800C78D36 /* SceneDelegate.swift */,
				D241C2CA2A1E3BF00008E518 /* Constants.swift */,
				D22E70E22A289DCA0098A71C /* UIBlockingProgressHUD.swift */,
				D20032662A29F74200DA6CFC /* URLSession.swift */,
				D20032642A29F03B00DA6CFC /* ProfileService.swift */,
				D20032682A2A37EF00DA6CFC /* ProfileImageService.swift */,
				D20032702A2B122300DA6CFC /* TabBarController.swift */,
				D241C2DC2A1FD5090008E518 /* SplashView */,
				D241C2D02A1E4C3F0008E518 /* Auth */,
				D274127329F672D3003D48F6 /* ImagesList */,
				D241C2D32A1FCD2B0008E518 /* OAuth2 */,
				D2E48A592A14F9C8003A3355 /* SingleImageView */,
				D2E48A542A13A696003A3355 /* Profile */,
				D266608E29D5BB1800C78D36 /* Main.storyboard */,
				D266609129D5BB1900C78D36 /* Assets.xcassets */,
				D266609329D5BB1900C78D36 /* LaunchScreen.storyboard */,
				D266609629D5BB1900C78D36 /* Info.plist */,
			);
			path = ImageFeed;
			sourceTree = "<group>";
		};
		D274127329F672D3003D48F6 /* ImagesList */ = {
			isa = PBXGroup;
			children = (
				D266608C29D5BB1800C78D36 /* ImagesListViewController.swift */,
				D274127129F672BA003D48F6 /* ImagesListCell.swift */,
			);
			path = ImagesList;
			sourceTree = "<group>";
		};
		D2E48A542A13A696003A3355 /* Profile */ = {
			isa = PBXGroup;
			children = (
				D2E48A552A13A6AB003A3355 /* ProfileViewController.swift */,
			);
			path = Profile;
			sourceTree = "<group>";
		};
		D2E48A592A14F9C8003A3355 /* SingleImageView */ = {
			isa = PBXGroup;
			children = (
				D2E48A572A14F82C003A3355 /* SingleImageViewController.swift */,
			);
			path = SingleImageView;
			sourceTree = "<group>";
		};
/* End PBXGroup section */

/* Begin PBXNativeTarget section */
		D266608429D5BB1800C78D36 /* ImageFeed */ = {
			isa = PBXNativeTarget;
			buildConfigurationList = D266609929D5BB1900C78D36 /* Build configuration list for PBXNativeTarget "ImageFeed" */;
			buildPhases = (
				D266608129D5BB1800C78D36 /* Sources */,
				D266608229D5BB1800C78D36 /* Frameworks */,
				D266608329D5BB1800C78D36 /* Resources */,
			);
			buildRules = (
			);
			dependencies = (
			);
			name = ImageFeed;
			packageProductDependencies = (
				D22E70E02A26558F0098A71C /* ProgressHUD */,
				D200326B2A2A53E400DA6CFC /* Kingfisher */,
				D200326E2A2A5A4F00DA6CFC /* SwiftKeychainWrapper */,
			);
			productName = ImageFeed;
			productReference = D266608529D5BB1800C78D36 /* ImageFeed.app */;
			productType = "com.apple.product-type.application";
		};
/* End PBXNativeTarget section */

/* Begin PBXProject section */
		D266607D29D5BB1800C78D36 /* Project object */ = {
			isa = PBXProject;
			attributes = {
				BuildIndependentTargetsInParallel = 1;
				LastSwiftUpdateCheck = 1420;
				LastUpgradeCheck = 1420;
				TargetAttributes = {
					D266608429D5BB1800C78D36 = {
						CreatedOnToolsVersion = 14.2;
					};
				};
			};
			buildConfigurationList = D266608029D5BB1800C78D36 /* Build configuration list for PBXProject "ImageFeed" */;
			compatibilityVersion = "Xcode 14.0";
			developmentRegion = en;
			hasScannedForEncodings = 0;
			knownRegions = (
				en,
				Base,
			);
			mainGroup = D266607C29D5BB1800C78D36;
			packageReferences = (
				D22E70DF2A26558F0098A71C /* XCRemoteSwiftPackageReference "ProgressHUD" */,
				D200326A2A2A53E400DA6CFC /* XCRemoteSwiftPackageReference "Kingfisher" */,
				D200326D2A2A5A4F00DA6CFC /* XCRemoteSwiftPackageReference "SwiftKeychainWrapper" */,
			);
			productRefGroup = D266608629D5BB1800C78D36 /* Products */;
			projectDirPath = "";
			projectRoot = "";
			targets = (
				D266608429D5BB1800C78D36 /* ImageFeed */,
			);
		};
/* End PBXProject section */

/* Begin PBXResourcesBuildPhase section */
		D266608329D5BB1800C78D36 /* Resources */ = {
			isa = PBXResourcesBuildPhase;
			buildActionMask = 2147483647;
			files = (
				D266609529D5BB1900C78D36 /* LaunchScreen.storyboard in Resources */,
				D266609229D5BB1900C78D36 /* Assets.xcassets in Resources */,
				D266609029D5BB1800C78D36 /* Main.storyboard in Resources */,
			);
			runOnlyForDeploymentPostprocessing = 0;
		};
/* End PBXResourcesBuildPhase section */

/* Begin PBXSourcesBuildPhase section */
		D266608129D5BB1800C78D36 /* Sources */ = {
			isa = PBXSourcesBuildPhase;
			buildActionMask = 2147483647;
			files = (
				D2E48A562A13A6AB003A3355 /* ProfileViewController.swift in Sources */,
				D266608D29D5BB1800C78D36 /* ImagesListViewController.swift in Sources */,
				D20032672A29F74200DA6CFC /* URLSession.swift in Sources */,
				D274127229F672BA003D48F6 /* ImagesListCell.swift in Sources */,
				D241C2DB2A1FD5040008E518 /* SplashViewController.swift in Sources */,
				D266608929D5BB1800C78D36 /* AppDelegate.swift in Sources */,
				D20032712A2B122300DA6CFC /* TabBarController.swift in Sources */,
				D241C2CD2A1E4C0E0008E518 /* AuthViewController.swift in Sources */,
				D22E70E32A289DCA0098A71C /* UIBlockingProgressHUD.swift in Sources */,
				D241C2CB2A1E3BF00008E518 /* Constants.swift in Sources */,
				D20032692A2A37EF00DA6CFC /* ProfileImageService.swift in Sources */,
				D2E48A582A14F82C003A3355 /* SingleImageViewController.swift in Sources */,
				D241C2D22A1E61160008E518 /* WebViewViewController.swift in Sources */,
				D241C2D52A1FCD600008E518 /* OAuth2Services.swift in Sources */,
				D241C2D72A1FCD730008E518 /* OAuth2TokenStorage.swift in Sources */,
				D266608B29D5BB1800C78D36 /* SceneDelegate.swift in Sources */,
				D20032652A29F03B00DA6CFC /* ProfileService.swift in Sources */,
			);
			runOnlyForDeploymentPostprocessing = 0;
		};
/* End PBXSourcesBuildPhase section */

/* Begin PBXVariantGroup section */
		D266608E29D5BB1800C78D36 /* Main.storyboard */ = {
			isa = PBXVariantGroup;
			children = (
				D266608F29D5BB1800C78D36 /* Base */,
			);
			name = Main.storyboard;
			sourceTree = "<group>";
		};
		D266609329D5BB1900C78D36 /* LaunchScreen.storyboard */ = {
			isa = PBXVariantGroup;
			children = (
				D266609429D5BB1900C78D36 /* Base */,
			);
			name = LaunchScreen.storyboard;
			sourceTree = "<group>";
		};
/* End PBXVariantGroup section */

/* Begin XCBuildConfiguration section */
		D266609729D5BB1900C78D36 /* Debug */ = {
			isa = XCBuildConfiguration;
			buildSettings = {
				ALWAYS_SEARCH_USER_PATHS = NO;
				CLANG_ANALYZER_NONNULL = YES;
				CLANG_ANALYZER_NUMBER_OBJECT_CONVERSION = YES_AGGRESSIVE;
				CLANG_CXX_LANGUAGE_STANDARD = "gnu++20";
				CLANG_ENABLE_MODULES = YES;
				CLANG_ENABLE_OBJC_ARC = YES;
				CLANG_ENABLE_OBJC_WEAK = YES;
				CLANG_WARN_BLOCK_CAPTURE_AUTORELEASING = YES;
				CLANG_WARN_BOOL_CONVERSION = YES;
				CLANG_WARN_COMMA = YES;
				CLANG_WARN_CONSTANT_CONVERSION = YES;
				CLANG_WARN_DEPRECATED_OBJC_IMPLEMENTATIONS = YES;
				CLANG_WARN_DIRECT_OBJC_ISA_USAGE = YES_ERROR;
				CLANG_WARN_DOCUMENTATION_COMMENTS = YES;
				CLANG_WARN_EMPTY_BODY = YES;
				CLANG_WARN_ENUM_CONVERSION = YES;
				CLANG_WARN_INFINITE_RECURSION = YES;
				CLANG_WARN_INT_CONVERSION = YES;
				CLANG_WARN_NON_LITERAL_NULL_CONVERSION = YES;
				CLANG_WARN_OBJC_IMPLICIT_RETAIN_SELF = YES;
				CLANG_WARN_OBJC_LITERAL_CONVERSION = YES;
				CLANG_WARN_OBJC_ROOT_CLASS = YES_ERROR;
				CLANG_WARN_QUOTED_INCLUDE_IN_FRAMEWORK_HEADER = YES;
				CLANG_WARN_RANGE_LOOP_ANALYSIS = YES;
				CLANG_WARN_STRICT_PROTOTYPES = YES;
				CLANG_WARN_SUSPICIOUS_MOVE = YES;
				CLANG_WARN_UNGUARDED_AVAILABILITY = YES_AGGRESSIVE;
				CLANG_WARN_UNREACHABLE_CODE = YES;
				CLANG_WARN__DUPLICATE_METHOD_MATCH = YES;
				COPY_PHASE_STRIP = NO;
				DEBUG_INFORMATION_FORMAT = dwarf;
				ENABLE_STRICT_OBJC_MSGSEND = YES;
				ENABLE_TESTABILITY = YES;
				GCC_C_LANGUAGE_STANDARD = gnu11;
				GCC_DYNAMIC_NO_PIC = NO;
				GCC_NO_COMMON_BLOCKS = YES;
				GCC_OPTIMIZATION_LEVEL = 0;
				GCC_PREPROCESSOR_DEFINITIONS = (
					"DEBUG=1",
					"$(inherited)",
				);
				GCC_WARN_64_TO_32_BIT_CONVERSION = YES;
				GCC_WARN_ABOUT_RETURN_TYPE = YES_ERROR;
				GCC_WARN_UNDECLARED_SELECTOR = YES;
				GCC_WARN_UNINITIALIZED_AUTOS = YES_AGGRESSIVE;
				GCC_WARN_UNUSED_FUNCTION = YES;
				GCC_WARN_UNUSED_VARIABLE = YES;
				IPHONEOS_DEPLOYMENT_TARGET = 16.2;
				MTL_ENABLE_DEBUG_INFO = INCLUDE_SOURCE;
				MTL_FAST_MATH = YES;
				ONLY_ACTIVE_ARCH = YES;
				SDKROOT = iphoneos;
				SWIFT_ACTIVE_COMPILATION_CONDITIONS = DEBUG;
				SWIFT_OPTIMIZATION_LEVEL = "-Onone";
			};
			name = Debug;
		};
		D266609829D5BB1900C78D36 /* Release */ = {
			isa = XCBuildConfiguration;
			buildSettings = {
				ALWAYS_SEARCH_USER_PATHS = NO;
				CLANG_ANALYZER_NONNULL = YES;
				CLANG_ANALYZER_NUMBER_OBJECT_CONVERSION = YES_AGGRESSIVE;
				CLANG_CXX_LANGUAGE_STANDARD = "gnu++20";
				CLANG_ENABLE_MODULES = YES;
				CLANG_ENABLE_OBJC_ARC = YES;
				CLANG_ENABLE_OBJC_WEAK = YES;
				CLANG_WARN_BLOCK_CAPTURE_AUTORELEASING = YES;
				CLANG_WARN_BOOL_CONVERSION = YES;
				CLANG_WARN_COMMA = YES;
				CLANG_WARN_CONSTANT_CONVERSION = YES;
				CLANG_WARN_DEPRECATED_OBJC_IMPLEMENTATIONS = YES;
				CLANG_WARN_DIRECT_OBJC_ISA_USAGE = YES_ERROR;
				CLANG_WARN_DOCUMENTATION_COMMENTS = YES;
				CLANG_WARN_EMPTY_BODY = YES;
				CLANG_WARN_ENUM_CONVERSION = YES;
				CLANG_WARN_INFINITE_RECURSION = YES;
				CLANG_WARN_INT_CONVERSION = YES;
				CLANG_WARN_NON_LITERAL_NULL_CONVERSION = YES;
				CLANG_WARN_OBJC_IMPLICIT_RETAIN_SELF = YES;
				CLANG_WARN_OBJC_LITERAL_CONVERSION = YES;
				CLANG_WARN_OBJC_ROOT_CLASS = YES_ERROR;
				CLANG_WARN_QUOTED_INCLUDE_IN_FRAMEWORK_HEADER = YES;
				CLANG_WARN_RANGE_LOOP_ANALYSIS = YES;
				CLANG_WARN_STRICT_PROTOTYPES = YES;
				CLANG_WARN_SUSPICIOUS_MOVE = YES;
				CLANG_WARN_UNGUARDED_AVAILABILITY = YES_AGGRESSIVE;
				CLANG_WARN_UNREACHABLE_CODE = YES;
				CLANG_WARN__DUPLICATE_METHOD_MATCH = YES;
				COPY_PHASE_STRIP = NO;
				DEBUG_INFORMATION_FORMAT = "dwarf-with-dsym";
				ENABLE_NS_ASSERTIONS = NO;
				ENABLE_STRICT_OBJC_MSGSEND = YES;
				GCC_C_LANGUAGE_STANDARD = gnu11;
				GCC_NO_COMMON_BLOCKS = YES;
				GCC_WARN_64_TO_32_BIT_CONVERSION = YES;
				GCC_WARN_ABOUT_RETURN_TYPE = YES_ERROR;
				GCC_WARN_UNDECLARED_SELECTOR = YES;
				GCC_WARN_UNINITIALIZED_AUTOS = YES_AGGRESSIVE;
				GCC_WARN_UNUSED_FUNCTION = YES;
				GCC_WARN_UNUSED_VARIABLE = YES;
				IPHONEOS_DEPLOYMENT_TARGET = 16.2;
				MTL_ENABLE_DEBUG_INFO = NO;
				MTL_FAST_MATH = YES;
				SDKROOT = iphoneos;
				SWIFT_COMPILATION_MODE = wholemodule;
				SWIFT_OPTIMIZATION_LEVEL = "-O";
				VALIDATE_PRODUCT = YES;
			};
			name = Release;
		};
		D266609A29D5BB1900C78D36 /* Debug */ = {
			isa = XCBuildConfiguration;
			buildSettings = {
				ASSETCATALOG_COMPILER_GLOBAL_ACCENT_COLOR_NAME = AccentColor;
				ASSETCATALOG_COMPILER_INCLUDE_ALL_APPICON_ASSETS = NO;
				CODE_SIGN_STYLE = Automatic;
				CURRENT_PROJECT_VERSION = 1;
				DEVELOPMENT_TEAM = 5Q8SZ49BMA;
				GENERATE_INFOPLIST_FILE = YES;
				INFOPLIST_FILE = ImageFeed/Info.plist;
				INFOPLIST_KEY_UIApplicationSupportsIndirectInputEvents = YES;
				INFOPLIST_KEY_UILaunchStoryboardName = LaunchScreen;
				INFOPLIST_KEY_UIMainStoryboardFile = Main;
				INFOPLIST_KEY_UISupportedInterfaceOrientations = UIInterfaceOrientationPortrait;
				INFOPLIST_KEY_UISupportedInterfaceOrientations_iPad = "UIInterfaceOrientationLandscapeLeft UIInterfaceOrientationLandscapeRight UIInterfaceOrientationPortrait";
				IPHONEOS_DEPLOYMENT_TARGET = 13.0;
				LD_RUNPATH_SEARCH_PATHS = (
					"$(inherited)",
					"@executable_path/Frameworks",
				);
				MARKETING_VERSION = 1.0;
				PRODUCT_BUNDLE_IDENTIFIER = com.antonrusetsky.ImageFeed;
				PRODUCT_NAME = "$(TARGET_NAME)";
				SUPPORTED_PLATFORMS = "iphoneos iphonesimulator";
				SUPPORTS_MACCATALYST = NO;
				SUPPORTS_MAC_DESIGNED_FOR_IPHONE_IPAD = NO;
				SWIFT_EMIT_LOC_STRINGS = YES;
				SWIFT_VERSION = 5.0;
				TARGETED_DEVICE_FAMILY = 1;
			};
			name = Debug;
		};
		D266609B29D5BB1900C78D36 /* Release */ = {
			isa = XCBuildConfiguration;
			buildSettings = {
				ASSETCATALOG_COMPILER_GLOBAL_ACCENT_COLOR_NAME = AccentColor;
				ASSETCATALOG_COMPILER_INCLUDE_ALL_APPICON_ASSETS = NO;
				CODE_SIGN_STYLE = Automatic;
				CURRENT_PROJECT_VERSION = 1;
				DEVELOPMENT_TEAM = 5Q8SZ49BMA;
				GENERATE_INFOPLIST_FILE = YES;
				INFOPLIST_FILE = ImageFeed/Info.plist;
				INFOPLIST_KEY_UIApplicationSupportsIndirectInputEvents = YES;
				INFOPLIST_KEY_UILaunchStoryboardName = LaunchScreen;
				INFOPLIST_KEY_UIMainStoryboardFile = Main;
				INFOPLIST_KEY_UISupportedInterfaceOrientations = UIInterfaceOrientationPortrait;
				INFOPLIST_KEY_UISupportedInterfaceOrientations_iPad = "UIInterfaceOrientationLandscapeLeft UIInterfaceOrientationLandscapeRight UIInterfaceOrientationPortrait";
				IPHONEOS_DEPLOYMENT_TARGET = 13.0;
				LD_RUNPATH_SEARCH_PATHS = (
					"$(inherited)",
					"@executable_path/Frameworks",
				);
				MARKETING_VERSION = 1.0;
				PRODUCT_BUNDLE_IDENTIFIER = com.antonrusetsky.ImageFeed;
				PRODUCT_NAME = "$(TARGET_NAME)";
				SUPPORTED_PLATFORMS = "iphoneos iphonesimulator";
				SUPPORTS_MACCATALYST = NO;
				SUPPORTS_MAC_DESIGNED_FOR_IPHONE_IPAD = NO;
				SWIFT_EMIT_LOC_STRINGS = YES;
				SWIFT_VERSION = 5.0;
				TARGETED_DEVICE_FAMILY = 1;
			};
			name = Release;
		};
/* End XCBuildConfiguration section */

/* Begin XCConfigurationList section */
		D266608029D5BB1800C78D36 /* Build configuration list for PBXProject "ImageFeed" */ = {
			isa = XCConfigurationList;
			buildConfigurations = (
				D266609729D5BB1900C78D36 /* Debug */,
				D266609829D5BB1900C78D36 /* Release */,
			);
			defaultConfigurationIsVisible = 0;
			defaultConfigurationName = Release;
		};
		D266609929D5BB1900C78D36 /* Build configuration list for PBXNativeTarget "ImageFeed" */ = {
			isa = XCConfigurationList;
			buildConfigurations = (
				D266609A29D5BB1900C78D36 /* Debug */,
				D266609B29D5BB1900C78D36 /* Release */,
			);
			defaultConfigurationIsVisible = 0;
			defaultConfigurationName = Release;
		};
/* End XCConfigurationList section */

/* Begin XCRemoteSwiftPackageReference section */
		D200326A2A2A53E400DA6CFC /* XCRemoteSwiftPackageReference "Kingfisher" */ = {
			isa = XCRemoteSwiftPackageReference;
			repositoryURL = "https://github.com/onevcat/Kingfisher.git";
			requirement = {
				kind = exactVersion;
				version = 7.7.0;
			};
		};
		D200326D2A2A5A4F00DA6CFC /* XCRemoteSwiftPackageReference "SwiftKeychainWrapper" */ = {
			isa = XCRemoteSwiftPackageReference;
			repositoryURL = "https://github.com/jrendel/SwiftKeychainWrapper";
			requirement = {
				kind = exactVersion;
				version = 4.0.1;
			};
		};
		D22E70DF2A26558F0098A71C /* XCRemoteSwiftPackageReference "ProgressHUD" */ = {
			isa = XCRemoteSwiftPackageReference;
			repositoryURL = "https://github.com/relatedcode/ProgressHUD";
			requirement = {
				kind = exactVersion;
				version = 13.6.2;
			};
		};
/* End XCRemoteSwiftPackageReference section */

/* Begin XCSwiftPackageProductDependency section */
		D200326B2A2A53E400DA6CFC /* Kingfisher */ = {
			isa = XCSwiftPackageProductDependency;
			package = D200326A2A2A53E400DA6CFC /* XCRemoteSwiftPackageReference "Kingfisher" */;
			productName = Kingfisher;
		};
		D200326E2A2A5A4F00DA6CFC /* SwiftKeychainWrapper */ = {
			isa = XCSwiftPackageProductDependency;
			package = D200326D2A2A5A4F00DA6CFC /* XCRemoteSwiftPackageReference "SwiftKeychainWrapper" */;
			productName = SwiftKeychainWrapper;
		};
		D22E70E02A26558F0098A71C /* ProgressHUD */ = {
			isa = XCSwiftPackageProductDependency;
			package = D22E70DF2A26558F0098A71C /* XCRemoteSwiftPackageReference "ProgressHUD" */;
			productName = ProgressHUD;
		};
/* End XCSwiftPackageProductDependency section */
	};
	rootObject = D266607D29D5BB1800C78D36 /* Project object */;
}
